
Microsoft Visual Studio Solution File, Format Version 12.00
# Visual Studio Version 16
VisualStudioVersion = 16.0.29306.81
MinimumVisualStudioVersion = 10.0.40219.1
Project("{FAE04EC0-301F-11D3-BF4B-00C04F79EFBC}") = "DotAAnalyzer", "DotAAnalyzer\DotAAnalyzer.csproj", "{0FE72438-71FF-4425-98AB-BA40006D5B2A}"
EndProject
Global
	GlobalSection(SolutionConfigurationPlatforms) = preSolution
		Debug|Any CPU = Debug|Any CPU
		Release|Any CPU = Release|Any CPU
	EndGlobalSection
	GlobalSection(ProjectConfigurationPlatforms) = postSolution
		{0FE72438-71FF-4425-98AB-BA40006D5B2A}.Debug|Any CPU.ActiveCfg = Debug|Any CPU
		{0FE72438-71FF-4425-98AB-BA40006D5B2A}.Debug|Any CPU.Build.0 = Debug|Any CPU
		{0FE72438-71FF-4425-98AB-BA40006D5B2A}.Release|Any CPU.ActiveCfg = Release|Any CPU
		{0FE72438-71FF-4425-98AB-BA40006D5B2A}.Release|Any CPU.Build.0 = Release|Any CPU
	EndGlobalSection
	GlobalSection(SolutionProperties) = preSolution
		HideSolutionNode = FALSE
	EndGlobalSection
	GlobalSection(ExtensibilityGlobals) = postSolution
		SolutionGuid = {D1F715FE-A579-47BA-ACD7-A200339E4DE2}
	EndGlobalSection
EndGlobal
